{
  "name": "web-page-element-analyser",
  "version": "0.0.0",
  "lockfileVersion": 1,
  "requires": true,
  "dependencies": {
    "font-awesome": {
      "version": "4.7.0",
      "resolved": "https://registry.npmjs.org/font-awesome/-/font-awesome-4.7.0.tgz",
      "integrity": "sha1-j6jPBBGhoxr9B7BtKQK7n8gVoTM="
    },
    "primeicons": {
      "version": "1.0.0-beta.7",
      "resolved": "https://registry.npmjs.org/primeicons/-/primeicons-1.0.0-beta.7.tgz",
      "integrity": "sha512-ZJ4Rp/eajP1FGT2Q5vviT/ty7/FWyztNJzd/CHxEgqxKiLVp0jWno/c3VOUeKVaNA6xbMjc+w9YYxGeYT+z5HQ=="
    },
    "primeng": {
      "version": "6.0.0-rc.1",
      "resolved": "https://registry.npmjs.org/primeng/-/primeng-6.0.0-rc.1.tgz",
      "integrity": "sha512-glP+x63KTeuF/hG+gV/+82OgGnNbbugmc0YsaE+slOu0XuoF2VWxtz1m8nbDD39u3cnv0LwlSN1kP7egg/gzAw=="
    }
  }
}
